{
  "version": 4,
  "terraform_version": "1.9.6",
  "serial": 4,
  "lineage": "a721d843-2328-1d2f-b9a4-6b2afdfeb09c",
  "outputs": {
    "cluster_id": {
      "value": "0926-152519-74mvubdd",
      "type": "string"
    },
    "job_id": {
      "value": "863433712977593",
      "type": "string"
    }
  },
  "resources": [
    {
      "mode": "managed",
      "type": "databricks_cluster",
      "name": "example_cluster",
      "provider": "provider[\"registry.terraform.io/databrickslabs/databricks\"]",
      "instances": [
        {
          "schema_version": 2,
          "attributes": {
            "autoscale": [
              {
                "max_workers": 3,
                "min_workers": 1
              }
            ],
            "autotermination_minutes": 20,
            "aws_attributes": [
              {
                "availability": "SPOT_WITH_FALLBACK",
                "ebs_volume_count": 1,
                "ebs_volume_size": 100,
                "ebs_volume_type": "GENERAL_PURPOSE_SSD",
                "first_on_demand": 1,
                "instance_profile_arn": "",
                "spot_bid_price_percent": 100,
                "zone_id": "auto"
              }
            ],
            "azure_attributes": [],
            "cluster_id": "0926-152519-74mvubdd",
            "cluster_log_conf": [],
            "cluster_name": "example-cluster",
            "custom_tags": null,
            "data_security_mode": null,
            "default_tags": {
              "ClusterId": "0926-152519-74mvubdd",
              "ClusterName": "example-cluster",
              "Creator": "abelino.chinchilla@gmail.com",
              "Vendor": "Databricks"
            },
            "docker_image": [],
            "driver_instance_pool_id": null,
            "driver_node_type_id": "r5.xlarge",
            "enable_elastic_disk": false,
            "enable_local_disk_encryption": false,
            "gcp_attributes": [],
            "id": "0926-152519-74mvubdd",
            "idempotency_token": null,
            "init_scripts": [],
            "instance_pool_id": null,
            "is_pinned": false,
            "library": [],
            "node_type_id": "r5.xlarge",
            "num_workers": 0,
            "policy_id": null,
            "single_user_name": null,
            "spark_conf": null,
            "spark_env_vars": null,
            "spark_version": "10.4.x-scala2.12",
            "ssh_public_keys": null,
            "state": "RUNNING",
            "timeouts": null,
            "url": "https://dbc-e6aaca2b-b2b0.cloud.databricks.com/#setting/clusters/0926-152519-74mvubdd/configuration"
          },
          "sensitive_attributes": [],
          "private": "eyJlMmJmYjczMC1lY2FhLTExZTYtOGY4OC0zNDM2M2JjN2M0YzAiOnsiY3JlYXRlIjoxODAwMDAwMDAwMDAwLCJkZWxldGUiOjE4MDAwMDAwMDAwMDAsInVwZGF0ZSI6MTgwMDAwMDAwMDAwMH0sInNjaGVtYV92ZXJzaW9uIjoiMiJ9"
        }
      ]
    },
    {
      "mode": "managed",
      "type": "databricks_job",
      "name": "example_job",
      "provider": "provider[\"registry.terraform.io/databrickslabs/databricks\"]",
      "instances": [
        {
          "schema_version": 2,
          "attributes": {
            "always_running": false,
            "email_notifications": [
              {
                "no_alert_for_skipped_runs": false,
                "on_failure": [],
                "on_start": [],
                "on_success": []
              }
            ],
            "existing_cluster_id": "0926-152519-74mvubdd",
            "format": "SINGLE_TASK",
            "git_source": [],
            "id": "863433712977593",
            "job_cluster": [],
            "library": [],
            "max_concurrent_runs": 1,
            "max_retries": 0,
            "min_retry_interval_millis": 0,
            "name": "example-job",
            "new_cluster": [],
            "notebook_task": [
              {
                "base_parameters": null,
                "notebook_path": "/Shared/example_notebook"
              }
            ],
            "pipeline_task": [],
            "python_wheel_task": [],
            "retry_on_timeout": false,
            "schedule": [
              {
                "pause_status": "UNPAUSED",
                "quartz_cron_expression": "0 0 10 ? * MON-FRI",
                "timezone_id": "America/New_York"
              }
            ],
            "spark_jar_task": [],
            "spark_python_task": [],
            "spark_submit_task": [],
            "task": [],
            "timeout_seconds": 0,
            "timeouts": null,
            "url": "https://dbc-e6aaca2b-b2b0.cloud.databricks.com/#job/863433712977593"
          },
          "sensitive_attributes": [],
          "private": "eyJlMmJmYjczMC1lY2FhLTExZTYtOGY4OC0zNDM2M2JjN2M0YzAiOnsiY3JlYXRlIjoxODAwMDAwMDAwMDAwLCJ1cGRhdGUiOjE4MDAwMDAwMDAwMDB9LCJzY2hlbWFfdmVyc2lvbiI6IjIifQ==",
          "dependencies": [
            "databricks_cluster.example_cluster"
          ]
        }
      ]
    }
  ],
  "check_results": null
}
